
Microsoft Visual Studio Solution File, Format Version 12.00
# Visual Studio Version 16
VisualStudioVersion = 16.0.29806.167
MinimumVisualStudioVersion = 10.0.40219.1
Project("{FAE04EC0-301F-11D3-BF4B-00C04F79EFBC}") = "XFListViewBGColor.Android", "XFListViewBGColor\XFListViewBGColor.Android\XFListViewBGColor.Android.csproj", "{FACB3A92-2A43-4949-B271-1D94735F91BD}"
EndProject
Project("{FAE04EC0-301F-11D3-BF4B-00C04F79EFBC}") = "XFListViewBGColor.iOS", "XFListViewBGColor\XFListViewBGColor.iOS\XFListViewBGColor.iOS.csproj", "{588B3537-EF18-4031-84D9-57C410B35742}"
EndProject
Project("{FAE04EC0-301F-11D3-BF4B-00C04F79EFBC}") = "XFListViewBGColor", "XFListViewBGColor\XFListViewBGColor\XFListViewBGColor.csproj", "{209966F0-B4A1-4033-9469-59BC95154E4F}"
EndProject
Global
	GlobalSection(SolutionConfigurationPlatforms) = preSolution
		Debug|Any CPU = Debug|Any CPU
		Debug|iPhone = Debug|iPhone
		Debug|iPhoneSimulator = Debug|iPhoneSimulator
		Release|Any CPU = Release|Any CPU
		Release|iPhone = Release|iPhone
		Release|iPhoneSimulator = Release|iPhoneSimulator
	EndGlobalSection
	GlobalSection(ProjectConfigurationPlatforms) = postSolution
		{FACB3A92-2A43-4949-B271-1D94735F91BD}.Debug|Any CPU.ActiveCfg = Debug|Any CPU
		{FACB3A92-2A43-4949-B271-1D94735F91BD}.Debug|Any CPU.Build.0 = Debug|Any CPU
		{FACB3A92-2A43-4949-B271-1D94735F91BD}.Debug|Any CPU.Deploy.0 = Debug|Any CPU
		{FACB3A92-2A43-4949-B271-1D94735F91BD}.Debug|iPhone.ActiveCfg = Debug|Any CPU
		{FACB3A92-2A43-4949-B271-1D94735F91BD}.Debug|iPhone.Build.0 = Debug|Any CPU
		{FACB3A92-2A43-4949-B271-1D94735F91BD}.Debug|iPhone.Deploy.0 = Debug|Any CPU
		{FACB3A92-2A43-4949-B271-1D94735F91BD}.Debug|iPhoneSimulator.ActiveCfg = Debug|Any CPU
		{FACB3A92-2A43-4949-B271-1D94735F91BD}.Debug|iPhoneSimulator.Build.0 = Debug|Any CPU
		{FACB3A92-2A43-4949-B271-1D94735F91BD}.Debug|iPhoneSimulator.Deploy.0 = Debug|Any CPU
		{FACB3A92-2A43-4949-B271-1D94735F91BD}.Release|Any CPU.ActiveCfg = Release|Any CPU
		{FACB3A92-2A43-4949-B271-1D94735F91BD}.Release|Any CPU.Build.0 = Release|Any CPU
		{FACB3A92-2A43-4949-B271-1D94735F91BD}.Release|Any CPU.Deploy.0 = Release|Any CPU
		{FACB3A92-2A43-4949-B271-1D94735F91BD}.Release|iPhone.ActiveCfg = Release|Any CPU
		{FACB3A92-2A43-4949-B271-1D94735F91BD}.Release|iPhone.Build.0 = Release|Any CPU
		{FACB3A92-2A43-4949-B271-1D94735F91BD}.Release|iPhone.Deploy.0 = Release|Any CPU
		{FACB3A92-2A43-4949-B271-1D94735F91BD}.Release|iPhoneSimulator.ActiveCfg = Release|Any CPU
		{FACB3A92-2A43-4949-B271-1D94735F91BD}.Release|iPhoneSimulator.Build.0 = Release|Any CPU
		{FACB3A92-2A43-4949-B271-1D94735F91BD}.Release|iPhoneSimulator.Deploy.0 = Release|Any CPU
		{588B3537-EF18-4031-84D9-57C410B35742}.Debug|Any CPU.ActiveCfg = Debug|iPhoneSimulator
		{588B3537-EF18-4031-84D9-57C410B35742}.Debug|Any CPU.Build.0 = Debug|iPhoneSimulator
		{588B3537-EF18-4031-84D9-57C410B35742}.Debug|Any CPU.Deploy.0 = Debug|iPhoneSimulator
		{588B3537-EF18-4031-84D9-57C410B35742}.Debug|iPhone.ActiveCfg = Debug|iPhone
		{588B3537-EF18-4031-84D9-57C410B35742}.Debug|iPhone.Build.0 = Debug|iPhone
		{588B3537-EF18-4031-84D9-57C410B35742}.Debug|iPhone.Deploy.0 = Debug|iPhone
		{588B3537-EF18-4031-84D9-57C410B35742}.Debug|iPhoneSimulator.ActiveCfg = Debug|iPhoneSimulator
		{588B3537-EF18-4031-84D9-57C410B35742}.Debug|iPhoneSimulator.Build.0 = Debug|iPhoneSimulator
		{588B3537-EF18-4031-84D9-57C410B35742}.Debug|iPhoneSimulator.Deploy.0 = Debug|iPhoneSimulator
		{588B3537-EF18-4031-84D9-57C410B35742}.Release|Any CPU.ActiveCfg = Release|iPhone
		{588B3537-EF18-4031-84D9-57C410B35742}.Release|Any CPU.Build.0 = Release|iPhone
		{588B3537-EF18-4031-84D9-57C410B35742}.Release|Any CPU.Deploy.0 = Release|iPhone
		{588B3537-EF18-4031-84D9-57C410B35742}.Release|iPhone.ActiveCfg = Release|iPhone
		{588B3537-EF18-4031-84D9-57C410B35742}.Release|iPhone.Build.0 = Release|iPhone
		{588B3537-EF18-4031-84D9-57C410B35742}.Release|iPhone.Deploy.0 = Release|iPhone
		{588B3537-EF18-4031-84D9-57C410B35742}.Release|iPhoneSimulator.ActiveCfg = Release|iPhoneSimulator
		{588B3537-EF18-4031-84D9-57C410B35742}.Release|iPhoneSimulator.Build.0 = Release|iPhoneSimulator
		{588B3537-EF18-4031-84D9-57C410B35742}.Release|iPhoneSimulator.Deploy.0 = Release|iPhoneSimulator
		{209966F0-B4A1-4033-9469-59BC95154E4F}.Debug|Any CPU.ActiveCfg = Debug|Any CPU
		{209966F0-B4A1-4033-9469-59BC95154E4F}.Debug|Any CPU.Build.0 = Debug|Any CPU
		{209966F0-B4A1-4033-9469-59BC95154E4F}.Debug|Any CPU.Deploy.0 = Debug|Any CPU
		{209966F0-B4A1-4033-9469-59BC95154E4F}.Debug|iPhone.ActiveCfg = Debug|Any CPU
		{209966F0-B4A1-4033-9469-59BC95154E4F}.Debug|iPhone.Build.0 = Debug|Any CPU
		{209966F0-B4A1-4033-9469-59BC95154E4F}.Debug|iPhone.Deploy.0 = Debug|Any CPU
		{209966F0-B4A1-4033-9469-59BC95154E4F}.Debug|iPhoneSimulator.ActiveCfg = Debug|Any CPU
		{209966F0-B4A1-4033-9469-59BC95154E4F}.Debug|iPhoneSimulator.Build.0 = Debug|Any CPU
		{209966F0-B4A1-4033-9469-59BC95154E4F}.Debug|iPhoneSimulator.Deploy.0 = Debug|Any CPU
		{209966F0-B4A1-4033-9469-59BC95154E4F}.Release|Any CPU.ActiveCfg = Release|Any CPU
		{209966F0-B4A1-4033-9469-59BC95154E4F}.Release|Any CPU.Build.0 = Release|Any CPU
		{209966F0-B4A1-4033-9469-59BC95154E4F}.Release|Any CPU.Deploy.0 = Release|Any CPU
		{209966F0-B4A1-4033-9469-59BC95154E4F}.Release|iPhone.ActiveCfg = Release|Any CPU
		{209966F0-B4A1-4033-9469-59BC95154E4F}.Release|iPhone.Build.0 = Release|Any CPU
		{209966F0-B4A1-4033-9469-59BC95154E4F}.Release|iPhone.Deploy.0 = Release|Any CPU
		{209966F0-B4A1-4033-9469-59BC95154E4F}.Release|iPhoneSimulator.ActiveCfg = Release|Any CPU
		{209966F0-B4A1-4033-9469-59BC95154E4F}.Release|iPhoneSimulator.Build.0 = Release|Any CPU
		{209966F0-B4A1-4033-9469-59BC95154E4F}.Release|iPhoneSimulator.Deploy.0 = Release|Any CPU
	EndGlobalSection
	GlobalSection(SolutionProperties) = preSolution
		HideSolutionNode = FALSE
	EndGlobalSection
	GlobalSection(ExtensibilityGlobals) = postSolution
		SolutionGuid = {7CFD483D-2819-4A81-8750-7C42E283D32A}
	EndGlobalSection
EndGlobal
